
Microsoft Visual Studio Solution File, Format Version 12.00
# Visual Studio 14
VisualStudioVersion = 14.0.25123.0
MinimumVisualStudioVersion = 10.0.40219.1
Project("{FAE04EC0-301F-11D3-BF4B-00C04F79EFBC}") = "TonusClub.Entities", "..\Common\TonusClub.Entities\TonusClub.Entities.csproj", "{1FA15038-2651-4A87-9D18-705A7339A68A}"
EndProject
Project("{FAE04EC0-301F-11D3-BF4B-00C04F79EFBC}") = "TonusClub.ServerCore", "TonusClub.ServerCore\TonusClub.ServerCore.csproj", "{47DF5513-646B-4A38-84AA-EB4E9195A4DA}"
EndProject
Project("{FAE04EC0-301F-11D3-BF4B-00C04F79EFBC}") = "TonusClub.ServiceModel", "..\Common\TonusClub.ServiceModel\TonusClub.ServiceModel.csproj", "{97CC15A7-FC9A-4C5C-8098-44D11B6392DB}"
EndProject
Project("{FAE04EC0-301F-11D3-BF4B-00C04F79EFBC}") = "Sync", "Sync\Sync.csproj", "{07972EB9-2B46-4CF8-B1BF-4661E1D99823}"
EndProject
Project("{FAE04EC0-301F-11D3-BF4B-00C04F79EFBC}") = "Flagmax.WorkflowService", "Flagmax.WorkflowService\Flagmax.WorkflowService.csproj", "{80234BEF-0BD7-4A94-AF27-59C18494BD67}"
EndProject
Project("{FAE04EC0-301F-11D3-BF4B-00C04F79EFBC}") = "HWKeyGenerator", "HWKeyGenerator\HWKeyGenerator.csproj", "{7459651A-A05E-428C-BE03-A94F032CEFF6}"
EndProject
Project("{FAE04EC0-301F-11D3-BF4B-00C04F79EFBC}") = "NewtonicServer", "NewtonicServer\NewtonicServer.csproj", "{6D42BEA8-8188-4B7C-BA0C-80FC4BEEA6E3}"
EndProject
Project("{FAE04EC0-301F-11D3-BF4B-00C04F79EFBC}") = "TonusClub.CustomerPortal", "TonusClub.CustomerPortal\TonusClub.CustomerPortal.csproj", "{2837A04E-3C2E-4416-88CD-6EA2B0D653B5}"
EndProject
Project("{FAE04EC0-301F-11D3-BF4B-00C04F79EFBC}") = "ClaimServiceContract", "..\claim-service-contract\ClaimServiceContract.csproj", "{432B5109-121B-43A6-9773-4E17F15817BA}"
EndProject
Project("{FAE04EC0-301F-11D3-BF4B-00C04F79EFBC}") = "TonusClub.WebService", "TonusClub.WebService\TonusClub.WebService.csproj", "{339014BE-EE5B-4122-A83B-9378DC5555A1}"
EndProject
Project("{FAE04EC0-301F-11D3-BF4B-00C04F79EFBC}") = "Flagmax.WebApi", "Flagmax.WebApi\Flagmax.WebApi.csproj", "{00A1ECEA-294F-477E-8634-4929B8F01E0D}"
EndProject
Project("{00D1A9C2-B5F0-4AF3-8072-F6C62B433612}") = "TonusClub.Database", "TonusClub.Database\TonusClub.Database.sqlproj", "{9B846214-B2C0-424C-9391-CE048065A42D}"
EndProject
Global
	GlobalSection(SolutionConfigurationPlatforms) = preSolution
		Debug|Any CPU = Debug|Any CPU
		Debug|x64 = Debug|x64
		Debug|x86 = Debug|x86
		Release|Any CPU = Release|Any CPU
		Release|x64 = Release|x64
		Release|x86 = Release|x86
	EndGlobalSection
	GlobalSection(ProjectConfigurationPlatforms) = postSolution
		{1FA15038-2651-4A87-9D18-705A7339A68A}.Debug|Any CPU.ActiveCfg = Debug|Any CPU
		{1FA15038-2651-4A87-9D18-705A7339A68A}.Debug|Any CPU.Build.0 = Debug|Any CPU
		{1FA15038-2651-4A87-9D18-705A7339A68A}.Debug|x64.ActiveCfg = Debug|x64
		{1FA15038-2651-4A87-9D18-705A7339A68A}.Debug|x64.Build.0 = Debug|x64
		{1FA15038-2651-4A87-9D18-705A7339A68A}.Debug|x86.ActiveCfg = Debug|Any CPU
		{1FA15038-2651-4A87-9D18-705A7339A68A}.Debug|x86.Build.0 = Debug|Any CPU
		{1FA15038-2651-4A87-9D18-705A7339A68A}.Release|Any CPU.ActiveCfg = Release|Any CPU
		{1FA15038-2651-4A87-9D18-705A7339A68A}.Release|Any CPU.Build.0 = Release|Any CPU
		{1FA15038-2651-4A87-9D18-705A7339A68A}.Release|x64.ActiveCfg = Release|x64
		{1FA15038-2651-4A87-9D18-705A7339A68A}.Release|x64.Build.0 = Release|x64
		{1FA15038-2651-4A87-9D18-705A7339A68A}.Release|x86.ActiveCfg = Release|x86
		{1FA15038-2651-4A87-9D18-705A7339A68A}.Release|x86.Build.0 = Release|x86
		{47DF5513-646B-4A38-84AA-EB4E9195A4DA}.Debug|Any CPU.ActiveCfg = Debug|Any CPU
		{47DF5513-646B-4A38-84AA-EB4E9195A4DA}.Debug|Any CPU.Build.0 = Debug|Any CPU
		{47DF5513-646B-4A38-84AA-EB4E9195A4DA}.Debug|x64.ActiveCfg = Debug|x64
		{47DF5513-646B-4A38-84AA-EB4E9195A4DA}.Debug|x64.Build.0 = Debug|x64
		{47DF5513-646B-4A38-84AA-EB4E9195A4DA}.Debug|x86.ActiveCfg = Debug|Any CPU
		{47DF5513-646B-4A38-84AA-EB4E9195A4DA}.Debug|x86.Build.0 = Debug|Any CPU
		{47DF5513-646B-4A38-84AA-EB4E9195A4DA}.Release|Any CPU.ActiveCfg = Release|Any CPU
		{47DF5513-646B-4A38-84AA-EB4E9195A4DA}.Release|Any CPU.Build.0 = Release|Any CPU
		{47DF5513-646B-4A38-84AA-EB4E9195A4DA}.Release|x64.ActiveCfg = Release|x64
		{47DF5513-646B-4A38-84AA-EB4E9195A4DA}.Release|x64.Build.0 = Release|x64
		{47DF5513-646B-4A38-84AA-EB4E9195A4DA}.Release|x86.ActiveCfg = Release|x86
		{47DF5513-646B-4A38-84AA-EB4E9195A4DA}.Release|x86.Build.0 = Release|x86
		{97CC15A7-FC9A-4C5C-8098-44D11B6392DB}.Debug|Any CPU.ActiveCfg = Debug|Any CPU
		{97CC15A7-FC9A-4C5C-8098-44D11B6392DB}.Debug|Any CPU.Build.0 = Debug|Any CPU
		{97CC15A7-FC9A-4C5C-8098-44D11B6392DB}.Debug|x64.ActiveCfg = Debug|x64
		{97CC15A7-FC9A-4C5C-8098-44D11B6392DB}.Debug|x64.Build.0 = Debug|x64
		{97CC15A7-FC9A-4C5C-8098-44D11B6392DB}.Debug|x86.ActiveCfg = Debug|Any CPU
		{97CC15A7-FC9A-4C5C-8098-44D11B6392DB}.Debug|x86.Build.0 = Debug|Any CPU
		{97CC15A7-FC9A-4C5C-8098-44D11B6392DB}.Release|Any CPU.ActiveCfg = Release|Any CPU
		{97CC15A7-FC9A-4C5C-8098-44D11B6392DB}.Release|Any CPU.Build.0 = Release|Any CPU
		{97CC15A7-FC9A-4C5C-8098-44D11B6392DB}.Release|x64.ActiveCfg = Release|x64
		{97CC15A7-FC9A-4C5C-8098-44D11B6392DB}.Release|x64.Build.0 = Release|x64
		{97CC15A7-FC9A-4C5C-8098-44D11B6392DB}.Release|x86.ActiveCfg = Release|x86
		{97CC15A7-FC9A-4C5C-8098-44D11B6392DB}.Release|x86.Build.0 = Release|x86
		{07972EB9-2B46-4CF8-B1BF-4661E1D99823}.Debug|Any CPU.ActiveCfg = Debug|Any CPU
		{07972EB9-2B46-4CF8-B1BF-4661E1D99823}.Debug|Any CPU.Build.0 = Debug|Any CPU
		{07972EB9-2B46-4CF8-B1BF-4661E1D99823}.Debug|x64.ActiveCfg = Debug|x64
		{07972EB9-2B46-4CF8-B1BF-4661E1D99823}.Debug|x64.Build.0 = Debug|x64
		{07972EB9-2B46-4CF8-B1BF-4661E1D99823}.Debug|x86.ActiveCfg = Debug|Any CPU
		{07972EB9-2B46-4CF8-B1BF-4661E1D99823}.Release|Any CPU.ActiveCfg = Release|Any CPU
		{07972EB9-2B46-4CF8-B1BF-4661E1D99823}.Release|Any CPU.Build.0 = Release|Any CPU
		{07972EB9-2B46-4CF8-B1BF-4661E1D99823}.Release|x64.ActiveCfg = Release|x64
		{07972EB9-2B46-4CF8-B1BF-4661E1D99823}.Release|x64.Build.0 = Release|x64
		{07972EB9-2B46-4CF8-B1BF-4661E1D99823}.Release|x86.ActiveCfg = Release|x86
		{07972EB9-2B46-4CF8-B1BF-4661E1D99823}.Release|x86.Build.0 = Release|x86
		{80234BEF-0BD7-4A94-AF27-59C18494BD67}.Debug|Any CPU.ActiveCfg = Debug|Any CPU
		{80234BEF-0BD7-4A94-AF27-59C18494BD67}.Debug|Any CPU.Build.0 = Debug|Any CPU
		{80234BEF-0BD7-4A94-AF27-59C18494BD67}.Debug|x64.ActiveCfg = Debug|x64
		{80234BEF-0BD7-4A94-AF27-59C18494BD67}.Debug|x64.Build.0 = Debug|x64
		{80234BEF-0BD7-4A94-AF27-59C18494BD67}.Debug|x86.ActiveCfg = Debug|x86
		{80234BEF-0BD7-4A94-AF27-59C18494BD67}.Debug|x86.Build.0 = Debug|x86
		{80234BEF-0BD7-4A94-AF27-59C18494BD67}.Release|Any CPU.ActiveCfg = Release|Any CPU
		{80234BEF-0BD7-4A94-AF27-59C18494BD67}.Release|Any CPU.Build.0 = Release|Any CPU
		{80234BEF-0BD7-4A94-AF27-59C18494BD67}.Release|x64.ActiveCfg = Release|x64
		{80234BEF-0BD7-4A94-AF27-59C18494BD67}.Release|x64.Build.0 = Release|x64
		{80234BEF-0BD7-4A94-AF27-59C18494BD67}.Release|x86.ActiveCfg = Release|x86
		{80234BEF-0BD7-4A94-AF27-59C18494BD67}.Release|x86.Build.0 = Release|x86
		{7459651A-A05E-428C-BE03-A94F032CEFF6}.Debug|Any CPU.ActiveCfg = Debug|Any CPU
		{7459651A-A05E-428C-BE03-A94F032CEFF6}.Debug|Any CPU.Build.0 = Debug|Any CPU
		{7459651A-A05E-428C-BE03-A94F032CEFF6}.Debug|x64.ActiveCfg = Debug|x64
		{7459651A-A05E-428C-BE03-A94F032CEFF6}.Debug|x64.Build.0 = Debug|x64
		{7459651A-A05E-428C-BE03-A94F032CEFF6}.Debug|x86.ActiveCfg = Debug|x86
		{7459651A-A05E-428C-BE03-A94F032CEFF6}.Debug|x86.Build.0 = Debug|x86
		{7459651A-A05E-428C-BE03-A94F032CEFF6}.Release|Any CPU.ActiveCfg = Release|Any CPU
		{7459651A-A05E-428C-BE03-A94F032CEFF6}.Release|Any CPU.Build.0 = Release|Any CPU
		{7459651A-A05E-428C-BE03-A94F032CEFF6}.Release|x64.ActiveCfg = Release|x64
		{7459651A-A05E-428C-BE03-A94F032CEFF6}.Release|x64.Build.0 = Release|x64
		{7459651A-A05E-428C-BE03-A94F032CEFF6}.Release|x86.ActiveCfg = Release|x86
		{7459651A-A05E-428C-BE03-A94F032CEFF6}.Release|x86.Build.0 = Release|x86
		{6D42BEA8-8188-4B7C-BA0C-80FC4BEEA6E3}.Debug|Any CPU.ActiveCfg = Debug|Any CPU
		{6D42BEA8-8188-4B7C-BA0C-80FC4BEEA6E3}.Debug|Any CPU.Build.0 = Debug|Any CPU
		{6D42BEA8-8188-4B7C-BA0C-80FC4BEEA6E3}.Debug|x64.ActiveCfg = Debug|x64
		{6D42BEA8-8188-4B7C-BA0C-80FC4BEEA6E3}.Debug|x64.Build.0 = Debug|x64
		{6D42BEA8-8188-4B7C-BA0C-80FC4BEEA6E3}.Debug|x86.ActiveCfg = Debug|x86
		{6D42BEA8-8188-4B7C-BA0C-80FC4BEEA6E3}.Debug|x86.Build.0 = Debug|x86
		{6D42BEA8-8188-4B7C-BA0C-80FC4BEEA6E3}.Release|Any CPU.ActiveCfg = Release|Any CPU
		{6D42BEA8-8188-4B7C-BA0C-80FC4BEEA6E3}.Release|Any CPU.Build.0 = Release|Any CPU
		{6D42BEA8-8188-4B7C-BA0C-80FC4BEEA6E3}.Release|x64.ActiveCfg = Release|x64
		{6D42BEA8-8188-4B7C-BA0C-80FC4BEEA6E3}.Release|x64.Build.0 = Release|x64
		{6D42BEA8-8188-4B7C-BA0C-80FC4BEEA6E3}.Release|x86.ActiveCfg = Release|x86
		{6D42BEA8-8188-4B7C-BA0C-80FC4BEEA6E3}.Release|x86.Build.0 = Release|x86
		{2837A04E-3C2E-4416-88CD-6EA2B0D653B5}.Debug|Any CPU.ActiveCfg = Debug|Any CPU
		{2837A04E-3C2E-4416-88CD-6EA2B0D653B5}.Debug|Any CPU.Build.0 = Debug|Any CPU
		{2837A04E-3C2E-4416-88CD-6EA2B0D653B5}.Debug|x64.ActiveCfg = Debug|Any CPU
		{2837A04E-3C2E-4416-88CD-6EA2B0D653B5}.Debug|x86.ActiveCfg = Debug|Any CPU
		{2837A04E-3C2E-4416-88CD-6EA2B0D653B5}.Release|Any CPU.ActiveCfg = Release|Any CPU
		{2837A04E-3C2E-4416-88CD-6EA2B0D653B5}.Release|Any CPU.Build.0 = Release|Any CPU
		{2837A04E-3C2E-4416-88CD-6EA2B0D653B5}.Release|x64.ActiveCfg = Release|x64
		{2837A04E-3C2E-4416-88CD-6EA2B0D653B5}.Release|x64.Build.0 = Release|x64
		{2837A04E-3C2E-4416-88CD-6EA2B0D653B5}.Release|x86.ActiveCfg = Release|x86
		{2837A04E-3C2E-4416-88CD-6EA2B0D653B5}.Release|x86.Build.0 = Release|x86
		{432B5109-121B-43A6-9773-4E17F15817BA}.Debug|Any CPU.ActiveCfg = Debug|Any CPU
		{432B5109-121B-43A6-9773-4E17F15817BA}.Debug|Any CPU.Build.0 = Debug|Any CPU
		{432B5109-121B-43A6-9773-4E17F15817BA}.Debug|x64.ActiveCfg = Debug|x64
		{432B5109-121B-43A6-9773-4E17F15817BA}.Debug|x64.Build.0 = Debug|x64
		{432B5109-121B-43A6-9773-4E17F15817BA}.Debug|x86.ActiveCfg = Debug|x86
		{432B5109-121B-43A6-9773-4E17F15817BA}.Debug|x86.Build.0 = Debug|x86
		{432B5109-121B-43A6-9773-4E17F15817BA}.Release|Any CPU.ActiveCfg = Release|Any CPU
		{432B5109-121B-43A6-9773-4E17F15817BA}.Release|Any CPU.Build.0 = Release|Any CPU
		{432B5109-121B-43A6-9773-4E17F15817BA}.Release|x64.ActiveCfg = Release|x64
		{432B5109-121B-43A6-9773-4E17F15817BA}.Release|x64.Build.0 = Release|x64
		{432B5109-121B-43A6-9773-4E17F15817BA}.Release|x86.ActiveCfg = Release|x86
		{432B5109-121B-43A6-9773-4E17F15817BA}.Release|x86.Build.0 = Release|x86
		{339014BE-EE5B-4122-A83B-9378DC5555A1}.Debug|Any CPU.ActiveCfg = Debug|Any CPU
		{339014BE-EE5B-4122-A83B-9378DC5555A1}.Debug|Any CPU.Build.0 = Debug|Any CPU
		{339014BE-EE5B-4122-A83B-9378DC5555A1}.Debug|x64.ActiveCfg = Debug|Any CPU
		{339014BE-EE5B-4122-A83B-9378DC5555A1}.Debug|x64.Build.0 = Debug|Any CPU
		{339014BE-EE5B-4122-A83B-9378DC5555A1}.Debug|x86.ActiveCfg = Debug|Any CPU
		{339014BE-EE5B-4122-A83B-9378DC5555A1}.Debug|x86.Build.0 = Debug|Any CPU
		{339014BE-EE5B-4122-A83B-9378DC5555A1}.Release|Any CPU.ActiveCfg = Release|Any CPU
		{339014BE-EE5B-4122-A83B-9378DC5555A1}.Release|Any CPU.Build.0 = Release|Any CPU
		{339014BE-EE5B-4122-A83B-9378DC5555A1}.Release|x64.ActiveCfg = Release|x64
		{339014BE-EE5B-4122-A83B-9378DC5555A1}.Release|x64.Build.0 = Release|x64
		{339014BE-EE5B-4122-A83B-9378DC5555A1}.Release|x86.ActiveCfg = Release|x86
		{339014BE-EE5B-4122-A83B-9378DC5555A1}.Release|x86.Build.0 = Release|x86
		{00A1ECEA-294F-477E-8634-4929B8F01E0D}.Debug|Any CPU.ActiveCfg = Debug|Any CPU
		{00A1ECEA-294F-477E-8634-4929B8F01E0D}.Debug|Any CPU.Build.0 = Debug|Any CPU
		{00A1ECEA-294F-477E-8634-4929B8F01E0D}.Debug|x64.ActiveCfg = Debug|Any CPU
		{00A1ECEA-294F-477E-8634-4929B8F01E0D}.Debug|x64.Build.0 = Debug|Any CPU
		{00A1ECEA-294F-477E-8634-4929B8F01E0D}.Debug|x86.ActiveCfg = Debug|Any CPU
		{00A1ECEA-294F-477E-8634-4929B8F01E0D}.Debug|x86.Build.0 = Debug|Any CPU
		{00A1ECEA-294F-477E-8634-4929B8F01E0D}.Release|Any CPU.ActiveCfg = Release|Any CPU
		{00A1ECEA-294F-477E-8634-4929B8F01E0D}.Release|Any CPU.Build.0 = Release|Any CPU
		{00A1ECEA-294F-477E-8634-4929B8F01E0D}.Release|x64.ActiveCfg = Release|Any CPU
		{00A1ECEA-294F-477E-8634-4929B8F01E0D}.Release|x64.Build.0 = Release|Any CPU
		{00A1ECEA-294F-477E-8634-4929B8F01E0D}.Release|x86.ActiveCfg = Release|Any CPU
		{00A1ECEA-294F-477E-8634-4929B8F01E0D}.Release|x86.Build.0 = Release|Any CPU
		{9B846214-B2C0-424C-9391-CE048065A42D}.Debug|Any CPU.ActiveCfg = Debug|Any CPU
		{9B846214-B2C0-424C-9391-CE048065A42D}.Debug|Any CPU.Build.0 = Debug|Any CPU
		{9B846214-B2C0-424C-9391-CE048065A42D}.Debug|Any CPU.Deploy.0 = Debug|Any CPU
		{9B846214-B2C0-424C-9391-CE048065A42D}.Debug|x64.ActiveCfg = Debug|Any CPU
		{9B846214-B2C0-424C-9391-CE048065A42D}.Debug|x64.Build.0 = Debug|Any CPU
		{9B846214-B2C0-424C-9391-CE048065A42D}.Debug|x64.Deploy.0 = Debug|Any CPU
		{9B846214-B2C0-424C-9391-CE048065A42D}.Debug|x86.ActiveCfg = Debug|Any CPU
		{9B846214-B2C0-424C-9391-CE048065A42D}.Debug|x86.Build.0 = Debug|Any CPU
		{9B846214-B2C0-424C-9391-CE048065A42D}.Debug|x86.Deploy.0 = Debug|Any CPU
		{9B846214-B2C0-424C-9391-CE048065A42D}.Release|Any CPU.ActiveCfg = Release|Any CPU
		{9B846214-B2C0-424C-9391-CE048065A42D}.Release|Any CPU.Build.0 = Release|Any CPU
		{9B846214-B2C0-424C-9391-CE048065A42D}.Release|Any CPU.Deploy.0 = Release|Any CPU
		{9B846214-B2C0-424C-9391-CE048065A42D}.Release|x64.ActiveCfg = Release|Any CPU
		{9B846214-B2C0-424C-9391-CE048065A42D}.Release|x64.Build.0 = Release|Any CPU
		{9B846214-B2C0-424C-9391-CE048065A42D}.Release|x64.Deploy.0 = Release|Any CPU
		{9B846214-B2C0-424C-9391-CE048065A42D}.Release|x86.ActiveCfg = Release|Any CPU
		{9B846214-B2C0-424C-9391-CE048065A42D}.Release|x86.Build.0 = Release|Any CPU
		{9B846214-B2C0-424C-9391-CE048065A42D}.Release|x86.Deploy.0 = Release|Any CPU
	EndGlobalSection
	GlobalSection(SolutionProperties) = preSolution
		HideSolutionNode = FALSE
	EndGlobalSection
EndGlobal
